
Microsoft Visual Studio Solution File, Format Version 12.00
# Visual Studio Version 16
VisualStudioVersion = 16.0.31515.178
MinimumVisualStudioVersion = 10.0.40219.1
Project("{FAE04EC0-301F-11D3-BF4B-00C04F79EFBC}") = "BankEncapsulation", "BankEncapsulation\BankEncapsulation.csproj", "{1E345550-B520-4D00-91F3-0AB4ECB8B6C5}"
EndProject
Global
	GlobalSection(SolutionConfigurationPlatforms) = preSolution
		Debug|Any CPU = Debug|Any CPU
		Release|Any CPU = Release|Any CPU
	EndGlobalSection
	GlobalSection(ProjectConfigurationPlatforms) = postSolution
		{1E345550-B520-4D00-91F3-0AB4ECB8B6C5}.Debug|Any CPU.ActiveCfg = Debug|Any CPU
		{1E345550-B520-4D00-91F3-0AB4ECB8B6C5}.Debug|Any CPU.Build.0 = Debug|Any CPU
		{1E345550-B520-4D00-91F3-0AB4ECB8B6C5}.Release|Any CPU.ActiveCfg = Release|Any CPU
		{1E345550-B520-4D00-91F3-0AB4ECB8B6C5}.Release|Any CPU.Build.0 = Release|Any CPU
	EndGlobalSection
	GlobalSection(SolutionProperties) = preSolution
		HideSolutionNode = FALSE
	EndGlobalSection
	GlobalSection(ExtensibilityGlobals) = postSolution
		SolutionGuid = {5474B9B0-F18E-4A49-BBDE-98650E75792F}
	EndGlobalSection
EndGlobal
